// !$*UTF8*$!
{
	archiveVersion = 1;
	classes = {
	};
	objectVersion = 48;
	objects = {

/* Begin PBXBuildFile section */
		15CFA8B21F88CE0A007CE6B1 /* AppDelegate.swift in Sources */ = {isa = PBXBuildFile; fileRef = 15CFA8B11F88CE0A007CE6B1 /* AppDelegate.swift */; };
		15CFA8B41F88CE0A007CE6B1 /* art.scnassets in Resources */ = {isa = PBXBuildFile; fileRef = 15CFA8B31F88CE0A007CE6B1 /* art.scnassets */; };
		15CFA8B61F88CE0A007CE6B1 /* ViewController.swift in Sources */ = {isa = PBXBuildFile; fileRef = 15CFA8B51F88CE0A007CE6B1 /* ViewController.swift */; };
		15CFA8B91F88CE0A007CE6B1 /* Main.storyboard in Resources */ = {isa = PBXBuildFile; fileRef = 15CFA8B71F88CE0A007CE6B1 /* Main.storyboard */; };
		15CFA8BB1F88CE0A007CE6B1 /* Assets.xcassets in Resources */ = {isa = PBXBuildFile; fileRef = 15CFA8BA1F88CE0A007CE6B1 /* Assets.xcassets */; };
		15CFA8BE1F88CE0A007CE6B1 /* LaunchScreen.storyboard in Resources */ = {isa = PBXBuildFile; fileRef = 15CFA8BC1F88CE0A007CE6B1 /* LaunchScreen.storyboard */; };
		15CFA8C91F88CE0A007CE6B1 /* MarkYourTerritory_ARTests.swift in Sources */ = {isa = PBXBuildFile; fileRef = 15CFA8C81F88CE0A007CE6B1 /* MarkYourTerritory_ARTests.swift */; };
		15CFA8E81F88D2EE007CE6B1 /* CGPoint+Extensions.swift in Sources */ = {isa = PBXBuildFile; fileRef = 15CFA8D41F88CE5C007CE6B1 /* CGPoint+Extensions.swift */; };
		15CFA8E91F88D2EE007CE6B1 /* CLLocation+Extensions.swift in Sources */ = {isa = PBXBuildFile; fileRef = 15CFA8D51F88CE5C007CE6B1 /* CLLocation+Extensions.swift */; };
		15CFA8EA1F88D2EE007CE6B1 /* FloatingPoint+Radians.swift in Sources */ = {isa = PBXBuildFile; fileRef = 15CFA8D61F88CE5C007CE6B1 /* FloatingPoint+Radians.swift */; };
		15CFA8EB1F88D2EE007CE6B1 /* LocationManager.swift in Sources */ = {isa = PBXBuildFile; fileRef = 15CFA8D71F88CE5C007CE6B1 /* LocationManager.swift */; };
		15CFA8EC1F88D2EE007CE6B1 /* LocationNode.swift in Sources */ = {isa = PBXBuildFile; fileRef = 15CFA8D81F88CE5C007CE6B1 /* LocationNode.swift */; };
		15CFA8ED1F88D2EE007CE6B1 /* SceneLocationEstimate+Extensions.swift in Sources */ = {isa = PBXBuildFile; fileRef = 15CFA8D91F88CE5C007CE6B1 /* SceneLocationEstimate+Extensions.swift */; };
		15CFA8EE1F88D2EE007CE6B1 /* SceneLocationEstimate.swift in Sources */ = {isa = PBXBuildFile; fileRef = 15CFA8DA1F88CE5C007CE6B1 /* SceneLocationEstimate.swift */; };
		15CFA8EF1F88D2EE007CE6B1 /* SceneLocationView.swift in Sources */ = {isa = PBXBuildFile; fileRef = 15CFA8DB1F88CE5C007CE6B1 /* SceneLocationView.swift */; };
		15CFA8F01F88D2EE007CE6B1 /* SCNNode+Extensions.swift in Sources */ = {isa = PBXBuildFile; fileRef = 15CFA8DC1F88CE5C007CE6B1 /* SCNNode+Extensions.swift */; };
		15CFA8F11F88D2EE007CE6B1 /* SCNVector3+Extensions.swift in Sources */ = {isa = PBXBuildFile; fileRef = 15CFA8DD1F88CE5C007CE6B1 /* SCNVector3+Extensions.swift */; };
		15CFA8F31F88DDCA007CE6B1 /* Utilities.swift in Sources */ = {isa = PBXBuildFile; fileRef = 15CFA8F21F88DDCA007CE6B1 /* Utilities.swift */; };
		15CFA8F51F88DDD8007CE6B1 /* Constants.swift in Sources */ = {isa = PBXBuildFile; fileRef = 15CFA8F41F88DDD8007CE6B1 /* Constants.swift */; };
		15CFA90A1F897762007CE6B1 /* Pin.swift in Sources */ = {isa = PBXBuildFile; fileRef = 15CFA9091F897762007CE6B1 /* Pin.swift */; };
		15CFA90C1F897839007CE6B1 /* NetworkClient.swift in Sources */ = {isa = PBXBuildFile; fileRef = 15CFA90B1F897839007CE6B1 /* NetworkClient.swift */; };
		48A9C965A260E9FB6BD6D9FD /* libPods-MarkYourTerritory-AR.a in Frameworks */ = {isa = PBXBuildFile; fileRef = 8D84AA26450FC35A60FB4EB3 /* libPods-MarkYourTerritory-AR.a */; };
		8B4CC2921F896ED700EDB7FB /* GoogleService-Info.plist in Resources */ = {isa = PBXBuildFile; fileRef = 8B4CC2911F896ED700EDB7FB /* GoogleService-Info.plist */; };
/* End PBXBuildFile section */

/* Begin PBXContainerItemProxy section */
		15CFA8C51F88CE0A007CE6B1 /* PBXContainerItemProxy */ = {
			isa = PBXContainerItemProxy;
			containerPortal = 15CFA8A61F88CE0A007CE6B1 /* Project object */;
			proxyType = 1;
			remoteGlobalIDString = 15CFA8AD1F88CE0A007CE6B1;
			remoteInfo = "MarkYourTerritory-AR";
		};
/* End PBXContainerItemProxy section */

/* Begin PBXFileReference section */
		15CFA8AE1F88CE0A007CE6B1 /* MarkYourTerritory-AR.app */ = {isa = PBXFileReference; explicitFileType = wrapper.application; includeInIndex = 0; path = "MarkYourTerritory-AR.app"; sourceTree = BUILT_PRODUCTS_DIR; };
		15CFA8B11F88CE0A007CE6B1 /* AppDelegate.swift */ = {isa = PBXFileReference; lastKnownFileType = sourcecode.swift; path = AppDelegate.swift; sourceTree = "<group>"; };
		15CFA8B31F88CE0A007CE6B1 /* art.scnassets */ = {isa = PBXFileReference; lastKnownFileType = wrapper.scnassets; path = art.scnassets; sourceTree = "<group>"; };
		15CFA8B51F88CE0A007CE6B1 /* ViewController.swift */ = {isa = PBXFileReference; lastKnownFileType = sourcecode.swift; path = ViewController.swift; sourceTree = "<group>"; };
		15CFA8B81F88CE0A007CE6B1 /* Base */ = {isa = PBXFileReference; lastKnownFileType = file.storyboard; name = Base; path = Base.lproj/Main.storyboard; sourceTree = "<group>"; };
		15CFA8BA1F88CE0A007CE6B1 /* Assets.xcassets */ = {isa = PBXFileReference; lastKnownFileType = folder.assetcatalog; path = Assets.xcassets; sourceTree = "<group>"; };
		15CFA8BD1F88CE0A007CE6B1 /* Base */ = {isa = PBXFileReference; lastKnownFileType = file.storyboard; name = Base; path = Base.lproj/LaunchScreen.storyboard; sourceTree = "<group>"; };
		15CFA8BF1F88CE0A007CE6B1 /* Info.plist */ = {isa = PBXFileReference; lastKnownFileType = text.plist.xml; path = Info.plist; sourceTree = "<group>"; };
		15CFA8C41F88CE0A007CE6B1 /* MarkYourTerritory-ARTests.xctest */ = {isa = PBXFileReference; explicitFileType = wrapper.cfbundle; includeInIndex = 0; path = "MarkYourTerritory-ARTests.xctest"; sourceTree = BUILT_PRODUCTS_DIR; };
		15CFA8C81F88CE0A007CE6B1 /* MarkYourTerritory_ARTests.swift */ = {isa = PBXFileReference; lastKnownFileType = sourcecode.swift; path = MarkYourTerritory_ARTests.swift; sourceTree = "<group>"; };
		15CFA8CA1F88CE0A007CE6B1 /* Info.plist */ = {isa = PBXFileReference; lastKnownFileType = text.plist.xml; path = Info.plist; sourceTree = "<group>"; };
		15CFA8D41F88CE5C007CE6B1 /* CGPoint+Extensions.swift */ = {isa = PBXFileReference; lastKnownFileType = sourcecode.swift; path = "CGPoint+Extensions.swift"; sourceTree = "<group>"; };
		15CFA8D51F88CE5C007CE6B1 /* CLLocation+Extensions.swift */ = {isa = PBXFileReference; lastKnownFileType = sourcecode.swift; path = "CLLocation+Extensions.swift"; sourceTree = "<group>"; };
		15CFA8D61F88CE5C007CE6B1 /* FloatingPoint+Radians.swift */ = {isa = PBXFileReference; lastKnownFileType = sourcecode.swift; path = "FloatingPoint+Radians.swift"; sourceTree = "<group>"; };
		15CFA8D71F88CE5C007CE6B1 /* LocationManager.swift */ = {isa = PBXFileReference; lastKnownFileType = sourcecode.swift; path = LocationManager.swift; sourceTree = "<group>"; };
		15CFA8D81F88CE5C007CE6B1 /* LocationNode.swift */ = {isa = PBXFileReference; lastKnownFileType = sourcecode.swift; path = LocationNode.swift; sourceTree = "<group>"; };
		15CFA8D91F88CE5C007CE6B1 /* SceneLocationEstimate+Extensions.swift */ = {isa = PBXFileReference; lastKnownFileType = sourcecode.swift; path = "SceneLocationEstimate+Extensions.swift"; sourceTree = "<group>"; };
		15CFA8DA1F88CE5C007CE6B1 /* SceneLocationEstimate.swift */ = {isa = PBXFileReference; lastKnownFileType = sourcecode.swift; path = SceneLocationEstimate.swift; sourceTree = "<group>"; };
		15CFA8DB1F88CE5C007CE6B1 /* SceneLocationView.swift */ = {isa = PBXFileReference; lastKnownFileType = sourcecode.swift; path = SceneLocationView.swift; sourceTree = "<group>"; };
		15CFA8DC1F88CE5C007CE6B1 /* SCNNode+Extensions.swift */ = {isa = PBXFileReference; lastKnownFileType = sourcecode.swift; path = "SCNNode+Extensions.swift"; sourceTree = "<group>"; };
		15CFA8DD1F88CE5C007CE6B1 /* SCNVector3+Extensions.swift */ = {isa = PBXFileReference; lastKnownFileType = sourcecode.swift; path = "SCNVector3+Extensions.swift"; sourceTree = "<group>"; };
		15CFA8F21F88DDCA007CE6B1 /* Utilities.swift */ = {isa = PBXFileReference; lastKnownFileType = sourcecode.swift; path = Utilities.swift; sourceTree = "<group>"; };
		15CFA8F41F88DDD8007CE6B1 /* Constants.swift */ = {isa = PBXFileReference; lastKnownFileType = sourcecode.swift; path = Constants.swift; sourceTree = "<group>"; };
		15CFA8F81F896DBF007CE6B1 /* GeoFire.h */ = {isa = PBXFileReference; lastKnownFileType = sourcecode.c.h; path = GeoFire.h; sourceTree = "<group>"; };
		15CFA8F91F896DBF007CE6B1 /* GFCircleQuery.h */ = {isa = PBXFileReference; lastKnownFileType = sourcecode.c.h; path = GFCircleQuery.h; sourceTree = "<group>"; };
		15CFA8FA1F896DBF007CE6B1 /* GFQuery.h */ = {isa = PBXFileReference; lastKnownFileType = sourcecode.c.h; path = GFQuery.h; sourceTree = "<group>"; };
		15CFA8FB1F896DBF007CE6B1 /* GFRegionQuery.h */ = {isa = PBXFileReference; lastKnownFileType = sourcecode.c.h; path = GFRegionQuery.h; sourceTree = "<group>"; };
		15CFA8FC1F896DBF007CE6B1 /* GeoFire-Prefix.pch */ = {isa = PBXFileReference; lastKnownFileType = sourcecode.c.h; path = "GeoFire-Prefix.pch"; sourceTree = "<group>"; };
		15CFA8FE1F896DBF007CE6B1 /* GeoFire+Private.h */ = {isa = PBXFileReference; lastKnownFileType = sourcecode.c.h; path = "GeoFire+Private.h"; sourceTree = "<group>"; };
		15CFA8FF1F896DBF007CE6B1 /* GeoFire.m */ = {isa = PBXFileReference; lastKnownFileType = sourcecode.c.objc; path = GeoFire.m; sourceTree = "<group>"; };
		15CFA9001F896DBF007CE6B1 /* GFBase32Utils.h */ = {isa = PBXFileReference; lastKnownFileType = sourcecode.c.h; path = GFBase32Utils.h; sourceTree = "<group>"; };
		15CFA9011F896DBF007CE6B1 /* GFBase32Utils.m */ = {isa = PBXFileReference; lastKnownFileType = sourcecode.c.objc; path = GFBase32Utils.m; sourceTree = "<group>"; };
		15CFA9021F896DBF007CE6B1 /* GFGeoHash.h */ = {isa = PBXFileReference; lastKnownFileType = sourcecode.c.h; path = GFGeoHash.h; sourceTree = "<group>"; };
		15CFA9031F896DBF007CE6B1 /* GFGeoHash.m */ = {isa = PBXFileReference; lastKnownFileType = sourcecode.c.objc; path = GFGeoHash.m; sourceTree = "<group>"; };
		15CFA9041F896DBF007CE6B1 /* GFGeoHashQuery.h */ = {isa = PBXFileReference; lastKnownFileType = sourcecode.c.h; path = GFGeoHashQuery.h; sourceTree = "<group>"; };
		15CFA9051F896DBF007CE6B1 /* GFGeoHashQuery.m */ = {isa = PBXFileReference; lastKnownFileType = sourcecode.c.objc; path = GFGeoHashQuery.m; sourceTree = "<group>"; };
		15CFA9061F896DBF007CE6B1 /* GFQuery+Private.h */ = {isa = PBXFileReference; lastKnownFileType = sourcecode.c.h; path = "GFQuery+Private.h"; sourceTree = "<group>"; };
		15CFA9071F896DBF007CE6B1 /* GFQuery.m */ = {isa = PBXFileReference; lastKnownFileType = sourcecode.c.objc; path = GFQuery.m; sourceTree = "<group>"; };
		15CFA9081F896DE6007CE6B1 /* BridgingHeader.h */ = {isa = PBXFileReference; lastKnownFileType = sourcecode.c.h; path = BridgingHeader.h; sourceTree = "<group>"; };
		15CFA9091F897762007CE6B1 /* Pin.swift */ = {isa = PBXFileReference; lastKnownFileType = sourcecode.swift; path = Pin.swift; sourceTree = "<group>"; };
		15CFA90B1F897839007CE6B1 /* NetworkClient.swift */ = {isa = PBXFileReference; lastKnownFileType = sourcecode.swift; path = NetworkClient.swift; sourceTree = "<group>"; };
		8B4CC2911F896ED700EDB7FB /* GoogleService-Info.plist */ = {isa = PBXFileReference; fileEncoding = 4; lastKnownFileType = text.plist.xml; path = "GoogleService-Info.plist"; sourceTree = SOURCE_ROOT; };
		8D84AA26450FC35A60FB4EB3 /* libPods-MarkYourTerritory-AR.a */ = {isa = PBXFileReference; explicitFileType = archive.ar; includeInIndex = 0; path = "libPods-MarkYourTerritory-AR.a"; sourceTree = BUILT_PRODUCTS_DIR; };
		B50EBDE2577F3AF85D750825 /* Pods-MarkYourTerritory-AR.debug.xcconfig */ = {isa = PBXFileReference; includeInIndex = 1; lastKnownFileType = text.xcconfig; name = "Pods-MarkYourTerritory-AR.debug.xcconfig"; path = "Pods/Target Support Files/Pods-MarkYourTerritory-AR/Pods-MarkYourTerritory-AR.debug.xcconfig"; sourceTree = "<group>"; };
		F19B9AD4D601EBA476500084 /* Pods-MarkYourTerritory-AR.release.xcconfig */ = {isa = PBXFileReference; includeInIndex = 1; lastKnownFileType = text.xcconfig; name = "Pods-MarkYourTerritory-AR.release.xcconfig"; path = "Pods/Target Support Files/Pods-MarkYourTerritory-AR/Pods-MarkYourTerritory-AR.release.xcconfig"; sourceTree = "<group>"; };
/* End PBXFileReference section */

/* Begin PBXFrameworksBuildPhase section */
		15CFA8AB1F88CE0A007CE6B1 /* Frameworks */ = {
			isa = PBXFrameworksBuildPhase;
			buildActionMask = 2147483647;
			files = (
				48A9C965A260E9FB6BD6D9FD /* libPods-MarkYourTerritory-AR.a in Frameworks */,
			);
			runOnlyForDeploymentPostprocessing = 0;
		};
		15CFA8C11F88CE0A007CE6B1 /* Frameworks */ = {
			isa = PBXFrameworksBuildPhase;
			buildActionMask = 2147483647;
			files = (
			);
			runOnlyForDeploymentPostprocessing = 0;
		};
/* End PBXFrameworksBuildPhase section */

/* Begin PBXGroup section */
		127AD434284873125A49C2B5 /* Frameworks */ = {
			isa = PBXGroup;
			children = (
				8D84AA26450FC35A60FB4EB3 /* libPods-MarkYourTerritory-AR.a */,
			);
			name = Frameworks;
			sourceTree = "<group>";
		};
		15CFA8A51F88CE0A007CE6B1 = {
			isa = PBXGroup;
			children = (
				15CFA8B01F88CE0A007CE6B1 /* MarkYourTerritory-AR */,
				15CFA8C71F88CE0A007CE6B1 /* MarkYourTerritory-ARTests */,
				15CFA8AF1F88CE0A007CE6B1 /* Products */,
				B57316194AC47F4C31E45E2B /* Pods */,
				127AD434284873125A49C2B5 /* Frameworks */,
			);
			sourceTree = "<group>";
		};
		15CFA8AF1F88CE0A007CE6B1 /* Products */ = {
			isa = PBXGroup;
			children = (
				15CFA8AE1F88CE0A007CE6B1 /* MarkYourTerritory-AR.app */,
				15CFA8C41F88CE0A007CE6B1 /* MarkYourTerritory-ARTests.xctest */,
			);
			name = Products;
			sourceTree = "<group>";
		};
		15CFA8B01F88CE0A007CE6B1 /* MarkYourTerritory-AR */ = {
			isa = PBXGroup;
			children = (
				8B4CC2911F896ED700EDB7FB /* GoogleService-Info.plist */,
				15CFA8B11F88CE0A007CE6B1 /* AppDelegate.swift */,
				15CFA8F61F896DBF007CE6B1 /* GeoFire */,
				15CFA8D31F88CE5C007CE6B1 /* Source */,
				15CFA8B31F88CE0A007CE6B1 /* art.scnassets */,
				15CFA8B51F88CE0A007CE6B1 /* ViewController.swift */,
				15CFA90B1F897839007CE6B1 /* NetworkClient.swift */,
				15CFA9091F897762007CE6B1 /* Pin.swift */,
				15CFA8F21F88DDCA007CE6B1 /* Utilities.swift */,
				15CFA8F41F88DDD8007CE6B1 /* Constants.swift */,
				15CFA8B71F88CE0A007CE6B1 /* Main.storyboard */,
				15CFA9081F896DE6007CE6B1 /* BridgingHeader.h */,
				15CFA8BA1F88CE0A007CE6B1 /* Assets.xcassets */,
				15CFA8BC1F88CE0A007CE6B1 /* LaunchScreen.storyboard */,
				15CFA8BF1F88CE0A007CE6B1 /* Info.plist */,
			);
			path = "MarkYourTerritory-AR";
			sourceTree = "<group>";
		};
		15CFA8C71F88CE0A007CE6B1 /* MarkYourTerritory-ARTests */ = {
			isa = PBXGroup;
			children = (
				15CFA8C81F88CE0A007CE6B1 /* MarkYourTerritory_ARTests.swift */,
				15CFA8CA1F88CE0A007CE6B1 /* Info.plist */,
			);
			path = "MarkYourTerritory-ARTests";
			sourceTree = "<group>";
		};
		15CFA8D31F88CE5C007CE6B1 /* Source */ = {
			isa = PBXGroup;
			children = (
				15CFA8D41F88CE5C007CE6B1 /* CGPoint+Extensions.swift */,
				15CFA8D51F88CE5C007CE6B1 /* CLLocation+Extensions.swift */,
				15CFA8D61F88CE5C007CE6B1 /* FloatingPoint+Radians.swift */,
				15CFA8D71F88CE5C007CE6B1 /* LocationManager.swift */,
				15CFA8D81F88CE5C007CE6B1 /* LocationNode.swift */,
				15CFA8D91F88CE5C007CE6B1 /* SceneLocationEstimate+Extensions.swift */,
				15CFA8DA1F88CE5C007CE6B1 /* SceneLocationEstimate.swift */,
				15CFA8DB1F88CE5C007CE6B1 /* SceneLocationView.swift */,
				15CFA8DC1F88CE5C007CE6B1 /* SCNNode+Extensions.swift */,
				15CFA8DD1F88CE5C007CE6B1 /* SCNVector3+Extensions.swift */,
			);
			path = Source;
			sourceTree = "<group>";
		};
		15CFA8F61F896DBF007CE6B1 /* GeoFire */ = {
			isa = PBXGroup;
			children = (
				15CFA8F71F896DBF007CE6B1 /* API */,
				15CFA8FC1F896DBF007CE6B1 /* GeoFire-Prefix.pch */,
				15CFA8FD1F896DBF007CE6B1 /* Implementation */,
			);
			path = GeoFire;
			sourceTree = "<group>";
		};
		15CFA8F71F896DBF007CE6B1 /* API */ = {
			isa = PBXGroup;
			children = (
				15CFA8F81F896DBF007CE6B1 /* GeoFire.h */,
				15CFA8F91F896DBF007CE6B1 /* GFCircleQuery.h */,
				15CFA8FA1F896DBF007CE6B1 /* GFQuery.h */,
				15CFA8FB1F896DBF007CE6B1 /* GFRegionQuery.h */,
			);
			path = API;
			sourceTree = "<group>";
		};
		15CFA8FD1F896DBF007CE6B1 /* Implementation */ = {
			isa = PBXGroup;
			children = (
				15CFA8FE1F896DBF007CE6B1 /* GeoFire+Private.h */,
				15CFA8FF1F896DBF007CE6B1 /* GeoFire.m */,
				15CFA9001F896DBF007CE6B1 /* GFBase32Utils.h */,
				15CFA9011F896DBF007CE6B1 /* GFBase32Utils.m */,
				15CFA9021F896DBF007CE6B1 /* GFGeoHash.h */,
				15CFA9031F896DBF007CE6B1 /* GFGeoHash.m */,
				15CFA9041F896DBF007CE6B1 /* GFGeoHashQuery.h */,
				15CFA9051F896DBF007CE6B1 /* GFGeoHashQuery.m */,
				15CFA9061F896DBF007CE6B1 /* GFQuery+Private.h */,
				15CFA9071F896DBF007CE6B1 /* GFQuery.m */,
			);
			path = Implementation;
			sourceTree = "<group>";
		};
		B57316194AC47F4C31E45E2B /* Pods */ = {
			isa = PBXGroup;
			children = (
				B50EBDE2577F3AF85D750825 /* Pods-MarkYourTerritory-AR.debug.xcconfig */,
				F19B9AD4D601EBA476500084 /* Pods-MarkYourTerritory-AR.release.xcconfig */,
			);
			name = Pods;
			sourceTree = "<group>";
		};
/* End PBXGroup section */

/* Begin PBXNativeTarget section */
		15CFA8AD1F88CE0A007CE6B1 /* MarkYourTerritory-AR */ = {
			isa = PBXNativeTarget;
			buildConfigurationList = 15CFA8CD1F88CE0A007CE6B1 /* Build configuration list for PBXNativeTarget "MarkYourTerritory-AR" */;
			buildPhases = (
				A7231ACFA6AB64B36E8C0698 /* [CP] Check Pods Manifest.lock */,
				15CFA8AA1F88CE0A007CE6B1 /* Sources */,
				15CFA8AB1F88CE0A007CE6B1 /* Frameworks */,
				15CFA8AC1F88CE0A007CE6B1 /* Resources */,
				60B8E58B7E882669211D7BD5 /* [CP] Embed Pods Frameworks */,
				3B8AFE3DE9F71D9D54EAD86D /* [CP] Copy Pods Resources */,
			);
			buildRules = (
			);
			dependencies = (
			);
			name = "MarkYourTerritory-AR";
			productName = "MarkYourTerritory-AR";
			productReference = 15CFA8AE1F88CE0A007CE6B1 /* MarkYourTerritory-AR.app */;
			productType = "com.apple.product-type.application";
		};
		15CFA8C31F88CE0A007CE6B1 /* MarkYourTerritory-ARTests */ = {
			isa = PBXNativeTarget;
			buildConfigurationList = 15CFA8D01F88CE0A007CE6B1 /* Build configuration list for PBXNativeTarget "MarkYourTerritory-ARTests" */;
			buildPhases = (
				15CFA8C01F88CE0A007CE6B1 /* Sources */,
				15CFA8C11F88CE0A007CE6B1 /* Frameworks */,
				15CFA8C21F88CE0A007CE6B1 /* Resources */,
			);
			buildRules = (
			);
			dependencies = (
				15CFA8C61F88CE0A007CE6B1 /* PBXTargetDependency */,
			);
			name = "MarkYourTerritory-ARTests";
			productName = "MarkYourTerritory-ARTests";
			productReference = 15CFA8C41F88CE0A007CE6B1 /* MarkYourTerritory-ARTests.xctest */;
			productType = "com.apple.product-type.bundle.unit-test";
		};
/* End PBXNativeTarget section */

/* Begin PBXProject section */
		15CFA8A61F88CE0A007CE6B1 /* Project object */ = {
			isa = PBXProject;
			attributes = {
				LastSwiftUpdateCheck = 0900;
				LastUpgradeCheck = 0900;
				ORGANIZATIONNAME = "Eliot Han";
				TargetAttributes = {
					15CFA8AD1F88CE0A007CE6B1 = {
						CreatedOnToolsVersion = 9.0;
						ProvisioningStyle = Automatic;
					};
					15CFA8C31F88CE0A007CE6B1 = {
						CreatedOnToolsVersion = 9.0;
						ProvisioningStyle = Automatic;
						TestTargetID = 15CFA8AD1F88CE0A007CE6B1;
					};
				};
			};
			buildConfigurationList = 15CFA8A91F88CE0A007CE6B1 /* Build configuration list for PBXProject "MarkYourTerritory-AR" */;
			compatibilityVersion = "Xcode 8.0";
			developmentRegion = en;
			hasScannedForEncodings = 0;
			knownRegions = (
				en,
				Base,
			);
			mainGroup = 15CFA8A51F88CE0A007CE6B1;
			productRefGroup = 15CFA8AF1F88CE0A007CE6B1 /* Products */;
			projectDirPath = "";
			projectRoot = "";
			targets = (
				15CFA8AD1F88CE0A007CE6B1 /* MarkYourTerritory-AR */,
				15CFA8C31F88CE0A007CE6B1 /* MarkYourTerritory-ARTests */,
			);
		};
/* End PBXProject section */

/* Begin PBXResourcesBuildPhase section */
		15CFA8AC1F88CE0A007CE6B1 /* Resources */ = {
			isa = PBXResourcesBuildPhase;
			buildActionMask = 2147483647;
			files = (
				15CFA8B41F88CE0A007CE6B1 /* art.scnassets in Resources */,
				15CFA8BE1F88CE0A007CE6B1 /* LaunchScreen.storyboard in Resources */,
				8B4CC2921F896ED700EDB7FB /* GoogleService-Info.plist in Resources */,
				15CFA8BB1F88CE0A007CE6B1 /* Assets.xcassets in Resources */,
				15CFA8B91F88CE0A007CE6B1 /* Main.storyboard in Resources */,
			);
			runOnlyForDeploymentPostprocessing = 0;
		};
		15CFA8C21F88CE0A007CE6B1 /* Resources */ = {
			isa = PBXResourcesBuildPhase;
			buildActionMask = 2147483647;
			files = (
			);
			runOnlyForDeploymentPostprocessing = 0;
		};
/* End PBXResourcesBuildPhase section */

/* Begin PBXShellScriptBuildPhase section */
		3B8AFE3DE9F71D9D54EAD86D /* [CP] Copy Pods Resources */ = {
			isa = PBXShellScriptBuildPhase;
			buildActionMask = 2147483647;
			files = (
			);
			inputPaths = (
			);
			name = "[CP] Copy Pods Resources";
			outputPaths = (
			);
			runOnlyForDeploymentPostprocessing = 0;
			shellPath = /bin/sh;
			shellScript = "\"${SRCROOT}/Pods/Target Support Files/Pods-MarkYourTerritory-AR/Pods-MarkYourTerritory-AR-resources.sh\"\n";
			showEnvVarsInLog = 0;
		};
		60B8E58B7E882669211D7BD5 /* [CP] Embed Pods Frameworks */ = {
			isa = PBXShellScriptBuildPhase;
			buildActionMask = 2147483647;
			files = (
			);
			inputPaths = (
			);
			name = "[CP] Embed Pods Frameworks";
			outputPaths = (
			);
			runOnlyForDeploymentPostprocessing = 0;
			shellPath = /bin/sh;
			shellScript = "\"${SRCROOT}/Pods/Target Support Files/Pods-MarkYourTerritory-AR/Pods-MarkYourTerritory-AR-frameworks.sh\"\n";
			showEnvVarsInLog = 0;
		};
		A7231ACFA6AB64B36E8C0698 /* [CP] Check Pods Manifest.lock */ = {
			isa = PBXShellScriptBuildPhase;
			buildActionMask = 2147483647;
			files = (
			);
			inputPaths = (
			);
			name = "[CP] Check Pods Manifest.lock";
			outputPaths = (
			);
			runOnlyForDeploymentPostprocessing = 0;
			shellPath = /bin/sh;
			shellScript = "diff \"${PODS_ROOT}/../Podfile.lock\" \"${PODS_ROOT}/Manifest.lock\" > /dev/null\nif [ $? != 0 ] ; then\n    # print error to STDERR\n    echo \"error: The sandbox is not in sync with the Podfile.lock. Run 'pod install' or update your CocoaPods installation.\" >&2\n    exit 1\nfi\n";
			showEnvVarsInLog = 0;
		};
/* End PBXShellScriptBuildPhase section */

/* Begin PBXSourcesBuildPhase section */
		15CFA8AA1F88CE0A007CE6B1 /* Sources */ = {
			isa = PBXSourcesBuildPhase;
			buildActionMask = 2147483647;
			files = (
				15CFA90A1F897762007CE6B1 /* Pin.swift in Sources */,
				15CFA8EF1F88D2EE007CE6B1 /* SceneLocationView.swift in Sources */,
				15CFA8B61F88CE0A007CE6B1 /* ViewController.swift in Sources */,
				15CFA8EA1F88D2EE007CE6B1 /* FloatingPoint+Radians.swift in Sources */,
				15CFA8F01F88D2EE007CE6B1 /* SCNNode+Extensions.swift in Sources */,
				15CFA8F31F88DDCA007CE6B1 /* Utilities.swift in Sources */,
				15CFA8EB1F88D2EE007CE6B1 /* LocationManager.swift in Sources */,
				15CFA90C1F897839007CE6B1 /* NetworkClient.swift in Sources */,
				15CFA8EC1F88D2EE007CE6B1 /* LocationNode.swift in Sources */,
				15CFA8E91F88D2EE007CE6B1 /* CLLocation+Extensions.swift in Sources */,
				15CFA8F11F88D2EE007CE6B1 /* SCNVector3+Extensions.swift in Sources */,
				15CFA8E81F88D2EE007CE6B1 /* CGPoint+Extensions.swift in Sources */,
				15CFA8EE1F88D2EE007CE6B1 /* SceneLocationEstimate.swift in Sources */,
				15CFA8F51F88DDD8007CE6B1 /* Constants.swift in Sources */,
				15CFA8B21F88CE0A007CE6B1 /* AppDelegate.swift in Sources */,
				15CFA8ED1F88D2EE007CE6B1 /* SceneLocationEstimate+Extensions.swift in Sources */,
			);
			runOnlyForDeploymentPostprocessing = 0;
		};
		15CFA8C01F88CE0A007CE6B1 /* Sources */ = {
			isa = PBXSourcesBuildPhase;
			buildActionMask = 2147483647;
			files = (
				15CFA8C91F88CE0A007CE6B1 /* MarkYourTerritory_ARTests.swift in Sources */,
			);
			runOnlyForDeploymentPostprocessing = 0;
		};
/* End PBXSourcesBuildPhase section */

/* Begin PBXTargetDependency section */
		15CFA8C61F88CE0A007CE6B1 /* PBXTargetDependency */ = {
			isa = PBXTargetDependency;
			target = 15CFA8AD1F88CE0A007CE6B1 /* MarkYourTerritory-AR */;
			targetProxy = 15CFA8C51F88CE0A007CE6B1 /* PBXContainerItemProxy */;
		};
/* End PBXTargetDependency section */

/* Begin PBXVariantGroup section */
		15CFA8B71F88CE0A007CE6B1 /* Main.storyboard */ = {
			isa = PBXVariantGroup;
			children = (
				15CFA8B81F88CE0A007CE6B1 /* Base */,
			);
			name = Main.storyboard;
			sourceTree = "<group>";
		};
		15CFA8BC1F88CE0A007CE6B1 /* LaunchScreen.storyboard */ = {
			isa = PBXVariantGroup;
			children = (
				15CFA8BD1F88CE0A007CE6B1 /* Base */,
			);
			name = LaunchScreen.storyboard;
			sourceTree = "<group>";
		};
/* End PBXVariantGroup section */

/* Begin XCBuildConfiguration section */
		15CFA8CB1F88CE0A007CE6B1 /* Debug */ = {
			isa = XCBuildConfiguration;
			buildSettings = {
				ALWAYS_SEARCH_USER_PATHS = NO;
				CLANG_ANALYZER_NONNULL = YES;
				CLANG_ANALYZER_NUMBER_OBJECT_CONVERSION = YES_AGGRESSIVE;
				CLANG_CXX_LANGUAGE_STANDARD = "gnu++14";
				CLANG_CXX_LIBRARY = "libc++";
				CLANG_ENABLE_MODULES = YES;
				CLANG_ENABLE_OBJC_ARC = YES;
				CLANG_WARN_BLOCK_CAPTURE_AUTORELEASING = YES;
				CLANG_WARN_BOOL_CONVERSION = YES;
				CLANG_WARN_COMMA = YES;
				CLANG_WARN_CONSTANT_CONVERSION = YES;
				CLANG_WARN_DIRECT_OBJC_ISA_USAGE = YES_ERROR;
				CLANG_WARN_DOCUMENTATION_COMMENTS = YES;
				CLANG_WARN_EMPTY_BODY = YES;
				CLANG_WARN_ENUM_CONVERSION = YES;
				CLANG_WARN_INFINITE_RECURSION = YES;
				CLANG_WARN_INT_CONVERSION = YES;
				CLANG_WARN_NON_LITERAL_NULL_CONVERSION = YES;
				CLANG_WARN_OBJC_LITERAL_CONVERSION = YES;
				CLANG_WARN_OBJC_ROOT_CLASS = YES_ERROR;
				CLANG_WARN_RANGE_LOOP_ANALYSIS = YES;
				CLANG_WARN_STRICT_PROTOTYPES = YES;
				CLANG_WARN_SUSPICIOUS_MOVE = YES;
				CLANG_WARN_UNGUARDED_AVAILABILITY = YES_AGGRESSIVE;
				CLANG_WARN_UNREACHABLE_CODE = YES;
				CLANG_WARN__DUPLICATE_METHOD_MATCH = YES;
				CODE_SIGN_IDENTITY = "iPhone Developer";
				COPY_PHASE_STRIP = NO;
				DEBUG_INFORMATION_FORMAT = dwarf;
				ENABLE_STRICT_OBJC_MSGSEND = YES;
				ENABLE_TESTABILITY = YES;
				GCC_C_LANGUAGE_STANDARD = gnu11;
				GCC_DYNAMIC_NO_PIC = NO;
				GCC_NO_COMMON_BLOCKS = YES;
				GCC_OPTIMIZATION_LEVEL = 0;
				GCC_PREPROCESSOR_DEFINITIONS = (
					"DEBUG=1",
					"$(inherited)",
				);
				GCC_WARN_64_TO_32_BIT_CONVERSION = YES;
				GCC_WARN_ABOUT_RETURN_TYPE = YES_ERROR;
				GCC_WARN_UNDECLARED_SELECTOR = YES;
				GCC_WARN_UNINITIALIZED_AUTOS = YES_AGGRESSIVE;
				GCC_WARN_UNUSED_FUNCTION = YES;
				GCC_WARN_UNUSED_VARIABLE = YES;
				IPHONEOS_DEPLOYMENT_TARGET = 11.0;
				MTL_ENABLE_DEBUG_INFO = YES;
				ONLY_ACTIVE_ARCH = YES;
				SDKROOT = iphoneos;
				SWIFT_ACTIVE_COMPILATION_CONDITIONS = DEBUG;
				SWIFT_OPTIMIZATION_LEVEL = "-Onone";
			};
			name = Debug;
		};
		15CFA8CC1F88CE0A007CE6B1 /* Release */ = {
			isa = XCBuildConfiguration;
			buildSettings = {
				ALWAYS_SEARCH_USER_PATHS = NO;
				CLANG_ANALYZER_NONNULL = YES;
				CLANG_ANALYZER_NUMBER_OBJECT_CONVERSION = YES_AGGRESSIVE;
				CLANG_CXX_LANGUAGE_STANDARD = "gnu++14";
				CLANG_CXX_LIBRARY = "libc++";
				CLANG_ENABLE_MODULES = YES;
				CLANG_ENABLE_OBJC_ARC = YES;
				CLANG_WARN_BLOCK_CAPTURE_AUTORELEASING = YES;
				CLANG_WARN_BOOL_CONVERSION = YES;
				CLANG_WARN_COMMA = YES;
				CLANG_WARN_CONSTANT_CONVERSION = YES;
				CLANG_WARN_DIRECT_OBJC_ISA_USAGE = YES_ERROR;
				CLANG_WARN_DOCUMENTATION_COMMENTS = YES;
				CLANG_WARN_EMPTY_BODY = YES;
				CLANG_WARN_ENUM_CONVERSION = YES;
				CLANG_WARN_INFINITE_RECURSION = YES;
				CLANG_WARN_INT_CONVERSION = YES;
				CLANG_WARN_NON_LITERAL_NULL_CONVERSION = YES;
				CLANG_WARN_OBJC_LITERAL_CONVERSION = YES;
				CLANG_WARN_OBJC_ROOT_CLASS = YES_ERROR;
				CLANG_WARN_RANGE_LOOP_ANALYSIS = YES;
				CLANG_WARN_STRICT_PROTOTYPES = YES;
				CLANG_WARN_SUSPICIOUS_MOVE = YES;
				CLANG_WARN_UNGUARDED_AVAILABILITY = YES_AGGRESSIVE;
				CLANG_WARN_UNREACHABLE_CODE = YES;
				CLANG_WARN__DUPLICATE_METHOD_MATCH = YES;
				CODE_SIGN_IDENTITY = "iPhone Developer";
				COPY_PHASE_STRIP = NO;
				DEBUG_INFORMATION_FORMAT = "dwarf-with-dsym";
				ENABLE_NS_ASSERTIONS = NO;
				ENABLE_STRICT_OBJC_MSGSEND = YES;
				GCC_C_LANGUAGE_STANDARD = gnu11;
				GCC_NO_COMMON_BLOCKS = YES;
				GCC_WARN_64_TO_32_BIT_CONVERSION = YES;
				GCC_WARN_ABOUT_RETURN_TYPE = YES_ERROR;
				GCC_WARN_UNDECLARED_SELECTOR = YES;
				GCC_WARN_UNINITIALIZED_AUTOS = YES_AGGRESSIVE;
				GCC_WARN_UNUSED_FUNCTION = YES;
				GCC_WARN_UNUSED_VARIABLE = YES;
				IPHONEOS_DEPLOYMENT_TARGET = 11.0;
				MTL_ENABLE_DEBUG_INFO = NO;
				SDKROOT = iphoneos;
				SWIFT_OPTIMIZATION_LEVEL = "-Owholemodule";
				VALIDATE_PRODUCT = YES;
			};
			name = Release;
		};
		15CFA8CE1F88CE0A007CE6B1 /* Debug */ = {
			isa = XCBuildConfiguration;
			baseConfigurationReference = B50EBDE2577F3AF85D750825 /* Pods-MarkYourTerritory-AR.debug.xcconfig */;
			buildSettings = {
				ASSETCATALOG_COMPILER_APPICON_NAME = AppIcon;
				"CODE_SIGN_IDENTITY[sdk=iphoneos*]" = "iPhone Developer";
				CODE_SIGN_STYLE = Automatic;
				DEVELOPMENT_TEAM = 6EDCXEAQ9P;
				INFOPLIST_FILE = "MarkYourTerritory-AR/Info.plist";
				LD_RUNPATH_SEARCH_PATHS = "$(inherited) @executable_path/Frameworks";
				PRODUCT_BUNDLE_IDENTIFIER = "Eliot-Han.MarkYourTerritory-AR";
				PRODUCT_NAME = "$(TARGET_NAME)";
				PROVISIONING_PROFILE_SPECIFIER = "";
				SWIFT_OBJC_BRIDGING_HEADER = "$(PROJECT_DIR)/$(PROJECT_NAME)/BridgingHeader.h";
				SWIFT_VERSION = 4.0;
				TARGETED_DEVICE_FAMILY = "1,2";
			};
			name = Debug;
		};
		15CFA8CF1F88CE0A007CE6B1 /* Release */ = {
			isa = XCBuildConfiguration;
			baseConfigurationReference = F19B9AD4D601EBA476500084 /* Pods-MarkYourTerritory-AR.release.xcconfig */;
			buildSettings = {
				ASSETCATALOG_COMPILER_APPICON_NAME = AppIcon;
				"CODE_SIGN_IDENTITY[sdk=iphoneos*]" = "iPhone Developer";
				CODE_SIGN_STYLE = Automatic;
				DEVELOPMENT_TEAM = 6EDCXEAQ9P;
				INFOPLIST_FILE = "MarkYourTerritory-AR/Info.plist";
				LD_RUNPATH_SEARCH_PATHS = "$(inherited) @executable_path/Frameworks";
				PRODUCT_BUNDLE_IDENTIFIER = "Eliot-Han.MarkYourTerritory-AR";
				PRODUCT_NAME = "$(TARGET_NAME)";
				PROVISIONING_PROFILE_SPECIFIER = "";
				SWIFT_OBJC_BRIDGING_HEADER = "$(PROJECT_DIR)/$(PROJECT_NAME)/BridgingHeader.h";
				SWIFT_VERSION = 4.0;
				TARGETED_DEVICE_FAMILY = "1,2";
			};
			name = Release;
		};
		15CFA8D11F88CE0A007CE6B1 /* Debug */ = {
			isa = XCBuildConfiguration;
			buildSettings = {
				ALWAYS_EMBED_SWIFT_STANDARD_LIBRARIES = YES;
				BUNDLE_LOADER = "$(TEST_HOST)";
				CODE_SIGN_STYLE = Automatic;
				INFOPLIST_FILE = "MarkYourTerritory-ARTests/Info.plist";
				LD_RUNPATH_SEARCH_PATHS = "$(inherited) @executable_path/Frameworks @loader_path/Frameworks";
				PRODUCT_BUNDLE_IDENTIFIER = "Eliot-Han.MarkYourTerritory-ARTests";
				PRODUCT_NAME = "$(TARGET_NAME)";
				SWIFT_VERSION = 4.0;
				TARGETED_DEVICE_FAMILY = "1,2";
				TEST_HOST = "$(BUILT_PRODUCTS_DIR)/MarkYourTerritory-AR.app/MarkYourTerritory-AR";
			};
			name = Debug;
		};
		15CFA8D21F88CE0A007CE6B1 /* Release */ = {
			isa = XCBuildConfiguration;
			buildSettings = {
				ALWAYS_EMBED_SWIFT_STANDARD_LIBRARIES = YES;
				BUNDLE_LOADER = "$(TEST_HOST)";
				CODE_SIGN_STYLE = Automatic;
				INFOPLIST_FILE = "MarkYourTerritory-ARTests/Info.plist";
				LD_RUNPATH_SEARCH_PATHS = "$(inherited) @executable_path/Frameworks @loader_path/Frameworks";
				PRODUCT_BUNDLE_IDENTIFIER = "Eliot-Han.MarkYourTerritory-ARTests";
				PRODUCT_NAME = "$(TARGET_NAME)";
				SWIFT_VERSION = 4.0;
				TARGETED_DEVICE_FAMILY = "1,2";
				TEST_HOST = "$(BUILT_PRODUCTS_DIR)/MarkYourTerritory-AR.app/MarkYourTerritory-AR";
			};
			name = Release;
		};
/* End XCBuildConfiguration section */

/* Begin XCConfigurationList section */
		15CFA8A91F88CE0A007CE6B1 /* Build configuration list for PBXProject "MarkYourTerritory-AR" */ = {
			isa = XCConfigurationList;
			buildConfigurations = (
				15CFA8CB1F88CE0A007CE6B1 /* Debug */,
				15CFA8CC1F88CE0A007CE6B1 /* Release */,
			);
			defaultConfigurationIsVisible = 0;
			defaultConfigurationName = Release;
		};
		15CFA8CD1F88CE0A007CE6B1 /* Build configuration list for PBXNativeTarget "MarkYourTerritory-AR" */ = {
			isa = XCConfigurationList;
			buildConfigurations = (
				15CFA8CE1F88CE0A007CE6B1 /* Debug */,
				15CFA8CF1F88CE0A007CE6B1 /* Release */,
			);
			defaultConfigurationIsVisible = 0;
			defaultConfigurationName = Release;
		};
		15CFA8D01F88CE0A007CE6B1 /* Build configuration list for PBXNativeTarget "MarkYourTerritory-ARTests" */ = {
			isa = XCConfigurationList;
			buildConfigurations = (
				15CFA8D11F88CE0A007CE6B1 /* Debug */,
				15CFA8D21F88CE0A007CE6B1 /* Release */,
			);
			defaultConfigurationIsVisible = 0;
			defaultConfigurationName = Release;
		};
/* End XCConfigurationList section */
	};
	rootObject = 15CFA8A61F88CE0A007CE6B1 /* Project object */;
}
